{
  "version": 1,
  "dependencies": {
    "net10.0": {
      "BlazingStory": {
        "type": "Direct",
        "requested": "[1.0.0-preview.91, )",
        "resolved": "1.0.0-preview.91",
        "contentHash": "8CdSuZDjZVfE39xgKISpb5d91KPCO9gAhfUkeeJ773Ca+V3gkquLviHo+yZ3sI/OV/iMaJ5iEE4HKTkL7+C5Qg==",
        "dependencies": {
          "BlazingStory.Abstractions": "1.0.0-preview.91",
          "BlazingStory.Addons": "1.0.0-preview.91",
          "BlazingStory.Addons.BuiltIns": "1.0.0-preview.91",
          "BlazingStory.ToolKit": "1.0.0-preview.91",
          "Microsoft.AspNetCore.Components.Web": "10.0.0",
          "Microsoft.Extensions.FileProviders.Abstractions": "10.0.0",
          "Toolbelt.Blazor.HotKeys2": "6.1.0",
          "Toolbelt.Blazor.SplitContainer": "2.1.2",
          "Toolbelt.Web.CssClassInlineBuilder": "3.1.0.1"
        }
      },
      "BlazorBlueprint.Components": {
        "type": "Direct",
        "requested": "[3.16.0, )",
        "resolved": "3.16.0",
        "contentHash": "ER8A3yHoe4PkWwWHkT0D49TpsjtaQxqd12kUk/7ozrvGlA1qoGDbG6emWqxaaL2TvvtadHMDrTtCiotx7cuLJA==",
        "dependencies": {
          "BlazorBlueprint.Icons.Lucide": "2.0.0",
          "BlazorBlueprint.Primitives": "3.16.0",
          "HtmlSanitizer": "9.1.982",
          "Markdig": "0.37.0",
          "Microsoft.AspNetCore.Components.Web": "8.0.14",
          "TailwindMerge.NET": "1.3.0"
        }
      },
      "Microsoft.AspNetCore.App.Internal.Assets": {
        "type": "Direct",
        "requested": "[10.0.12, )",
        "resolved": "10.0.12",
        "contentHash": "+sIBo9AMBZH46qHWHQdfzcGMt+RuBaPYrUMOAM9VjA7MQ9QtIez3lq1C3E05+Yroa94KKt3DSWaxmCI4H28a9Q=="
      },
      "Microsoft.AspNetCore.Components.WebAssembly": {
        "type": "Direct",
        "requested": "[10.0.12, )",
        "resolved": "10.0.12",
        "contentHash": "/IEbzyCnW0t+1ZQcxcV3Aj65gus2ILsUaA8U0rnkSGRQbKlJxr/5YOifOLq0eLrM0m3kXEV/A3iEwrqT3tgwiw==",
        "dependencies": {
          "Microsoft.AspNetCore.Components.Web": "10.0.12",
          "Microsoft.Extensions.Configuration.Binder": "10.0.12",
          "Microsoft.Extensions.Configuration.Json": "10.0.12",
          "Microsoft.Extensions.Logging": "10.0.12",
          "Microsoft.JSInterop.WebAssembly": "10.0.12"
        }
      },
      "Microsoft.NET.Sdk.WebAssembly.Pack": {
        "type": "Direct",
        "requested": "[10.0.12, )",
        "resolved": "10.0.12",
        "contentHash": "MIeBVeWkbKdggl3kmmIUnx8ZNEgjD2m1gTN/0W+TDRn6zcL1WZdq5hXhGQ0wjuSlw/8tvwwCg79PemfkJ3+5JA=="
      },
      "AngleSharp": {
        "type": "Transitive",
        "resolved": "1.7.0",
        "contentHash": "v1R++46dblGRBo2/fKFUfgtZOaFnDGQhqBM0AarxgZSJuumj1e1vexBbjlTv2hx3Olr3qeoJa2yUoWyv5fuJ5A=="
      },
      "AngleSharp.Css": {
        "type": "Transitive",
        "resolved": "1.0.1",
        "contentHash": "6S13xNHH+SUGPZd6EO1MhkuDbpEnFroUM6A8DZpLJHQnLRTvtBJb3Ydu65s618E4gWF9FSWmM5jhKk4RIfwT2A==",
        "dependencies": {
          "AngleSharp": "[1.5.0, 2.0.0)"
        }
      },
      "BlazingStory.Abstractions": {
        "type": "Transitive",
        "resolved": "1.0.0-preview.91",
        "contentHash": "2ZEDIKilvVbVOuuYVCvw/MG4ZQYOtzNvIi4Cckfr5l2Nvq1y/3q/UlZWumAFlVwRs0XlEozk2LZjVnwZzjkmtw==",
        "dependencies": {
          "Microsoft.AspNetCore.Components": "10.0.0"
        }
      },
      "BlazingStory.Addons": {
        "type": "Transitive",
        "resolved": "1.0.0-preview.91",
        "contentHash": "T1VrQrs0PTLJA4Vrb4lW5CgwqtBhok+VOVgAMJkJRcGkLeXVkjkNfBFJuLhlBIlcx/kpGl+XY0aTsYkqBoNMIQ==",
        "dependencies": {
          "Microsoft.AspNetCore.Components.Web": "10.0.0"
        }
      },
      "BlazingStory.Addons.BuiltIns": {
        "type": "Transitive",
        "resolved": "1.0.0-preview.91",
        "contentHash": "9JxjFZOPcUBFc6W4OWkrDSg8vNDK7BjFEa3JivRnN3neSp0LziXjzG8/UR0m+vWU5wq5SuPM+zVoYckC+4Tx2Q==",
        "dependencies": {
          "BlazingStory.Abstractions": "1.0.0-preview.91",
          "BlazingStory.Addons": "1.0.0-preview.91",
          "BlazingStory.ToolKit": "1.0.0-preview.91",
          "Microsoft.AspNetCore.Components.Web": "10.0.0",
          "Toolbelt.Web.CssClassInlineBuilder": "3.1.0.1"
        }
      },
      "BlazingStory.ToolKit": {
        "type": "Transitive",
        "resolved": "1.0.0-preview.91",
        "contentHash": "qMBfbz2pBcRohGBqeA4R31vf+VTXGJe2c5cAIKd8e+PgYlu9zyDf6ClywMBJGJMWEqvjA6fkxZXQT3ZbDFHb4Q==",
        "dependencies": {
          "BlazingStory.Abstractions": "1.0.0-preview.91",
          "Microsoft.AspNetCore.Components.Web": "10.0.0",
          "Toolbelt.Blazor.HotKeys2": "6.1.0",
          "Toolbelt.Web.CssClassInlineBuilder": "3.1.0.1"
        }
      },
      "BlazorBlueprint.Icons.Lucide": {
        "type": "Transitive",
        "resolved": "2.0.0",
        "contentHash": "DWr5VUhebPN7EP9T3DYe0aAK5pfETRSdv48dWPqApip8/X3gs64yhPCXrmuvOHy80eKDfblL8mv9UFM3qmDbwA==",
        "dependencies": {
          "Microsoft.AspNetCore.Components.Web": "8.0.14"
        }
      },
      "BlazorBlueprint.Primitives": {
        "type": "Transitive",
        "resolved": "3.16.0",
        "contentHash": "FQXgRNRTyqYp25MTm/Z3rSP6/vUOWiHIm6D4/fcY4Ksm58IqI1gyxf/o7bMrSJDngF1bUq8TDon8BbEX/kNerw==",
        "dependencies": {
          "Microsoft.AspNetCore.Components.Web": "8.0.14"
        }
      },
      "HtmlSanitizer": {
        "type": "Transitive",
        "resolved": "9.1.982",
        "contentHash": "+KBhQAoddWFWXgyWfmV5QAW9auveh29581t47jxtjJAEB5BxZILR2LUue5Lr4DCZFtpYeUUskD3nE1tct7DJPw==",
        "dependencies": {
          "AngleSharp": "1.7.0",
          "AngleSharp.Css": "1.0.1"
        }
      },
      "Markdig": {
        "type": "Transitive",
        "resolved": "0.37.0",
        "contentHash": "biiu4MTPFjW55qw6v5Aphtj0MjDLJ14x8ndZwkJUHIeqvaSGKeqhLY7S7Vu/S3k7/c9KwhhnaCDP9hdFNUhcNA=="
      },
      "Microsoft.AspNetCore.Authorization": {
        "type": "Transitive",
        "resolved": "10.0.12",
        "contentHash": "k4UspALZJWyBlb4rGPjMYO3p1/muEN6cJZTlWPfoRFU/LRP4fx1m19imWI/i/x7Sh9kNnldqlq+DU6w8pPnOtQ==",
        "dependencies": {
          "Microsoft.AspNetCore.Metadata": "10.0.12",
          "Microsoft.Extensions.Diagnostics": "10.0.12",
          "Microsoft.Extensions.Logging.Abstractions": "10.0.12",
          "Microsoft.Extensions.Options": "10.0.12"
        }
      },
      "Microsoft.AspNetCore.Components": {
        "type": "Transitive",
        "resolved": "10.0.12",
        "contentHash": "NyGmmcvuo3fYpFDJKpKLHDqVfS0egBgx2E6d+oIeN0bu573INc6m8RWtFwkD+pDd8l34XkJKjO2vAOgEaeZUUg==",
        "dependencies": {
          "Microsoft.AspNetCore.Authorization": "10.0.12",
          "Microsoft.AspNetCore.Components.Analyzers": "10.0.12"
        }
      },
      "Microsoft.AspNetCore.Components.Analyzers": {
        "type": "Transitive",
        "resolved": "10.0.12",
        "contentHash": "XXK/4sZejrRUFmm1uU6iSwcsfzURFpqXRzm3ycALmgmk8zl6HwXFMKjPgrO5azVPlrHeNPYRftMukjbwD4fa1w=="
      },
      "Microsoft.AspNetCore.Components.Forms": {
        "type": "Transitive",
        "resolved": "10.0.12",
        "contentHash": "11XKiT7Bmj4U87PGYUjX+SsgPClZZ9xsDQktERyxb5QgEyIEHHBbCGSADXHpZ2+b5Xpq7HvHvHdWEwD+XByE0Q==",
        "dependencies": {
          "Microsoft.AspNetCore.Components": "10.0.12",
          "Microsoft.Extensions.Validation": "10.0.12"
        }
      },
      "Microsoft.AspNetCore.Components.Web": {
        "type": "Transitive",
        "resolved": "10.0.12",
        "contentHash": "VFmcGnah8P8uxJ+/olJgw0e3IX6THGmxqKH+5E7K/kRKjcLXIYNTKsE4EyiJG8AjtxH65aKNUsobpI4Zqc6hmg==",
        "dependencies": {
          "Microsoft.AspNetCore.Components": "10.0.12",
          "Microsoft.AspNetCore.Components.Forms": "10.0.12",
          "Microsoft.Extensions.DependencyInjection": "10.0.12",
          "Microsoft.Extensions.Primitives": "10.0.12",
          "Microsoft.JSInterop": "10.0.12"
        }
      },
      "Microsoft.AspNetCore.Metadata": {
        "type": "Transitive",
        "resolved": "10.0.12",
        "contentHash": "KxeBBg1dEf3/Qr3VzghQIG5WDl8v4a+Kzr1pizRVidi5qMm+ymHYSB6vfO9tL20AXv1a5prQtwNQZqTfdeFYCQ=="
      },
      "Microsoft.Extensions.Configuration": {
        "type": "Transitive",
        "resolved": "10.0.12",
        "contentHash": "e3IPP32CRNL031VZJAUTlCTG0YN7WFh4mN3fsSHTDQCJB+3+f0jGycv4fXk3rrftaY3B85XrQaj7sRthrOsavg==",
        "dependencies": {
          "Microsoft.Extensions.Configuration.Abstractions": "10.0.12",
          "Microsoft.Extensions.Primitives": "10.0.12"
        }
      },
      "Microsoft.Extensions.Configuration.Abstractions": {
        "type": "Transitive",
        "resolved": "10.0.12",
        "contentHash": "8xaGcvS/qZ1otoxPQCEJkNva389CVL/plNcvIETZhQTETYdRkYDPEYhUMoAGONo4FU45ufdfE0j29AfWVVj0wA==",
        "dependencies": {
          "Microsoft.Extensions.Primitives": "10.0.12"
        }
      },
      "Microsoft.Extensions.Configuration.Binder": {
        "type": "Transitive",
        "resolved": "10.0.12",
        "contentHash": "dAgIf1TOr8KLs+aBRIbXUZBjHoSH4rDG8+XkX/Q6AZwkQdMA0+yPDKTHsieeXdZDfpOpZVHzOnuAb5Z2nX3KsA==",
        "dependencies": {
          "Microsoft.Extensions.Configuration": "10.0.12",
          "Microsoft.Extensions.Configuration.Abstractions": "10.0.12"
        }
      },
      "Microsoft.Extensions.Configuration.FileExtensions": {
        "type": "Transitive",
        "resolved": "10.0.12",
        "contentHash": "PNPS7yYH9U2M0dExn0tMkQFVtE53xTlCs/dgTfsWTTFyCF6qwGT3VrTgm2nnnkSRlSmvM9/J+n9xCpyzd9xTpQ==",
        "dependencies": {
          "Microsoft.Extensions.Configuration": "10.0.12",
          "Microsoft.Extensions.Configuration.Abstractions": "10.0.12",
          "Microsoft.Extensions.FileProviders.Abstractions": "10.0.12",
          "Microsoft.Extensions.FileProviders.Physical": "10.0.12",
          "Microsoft.Extensions.Primitives": "10.0.12"
        }
      },
      "Microsoft.Extensions.Configuration.Json": {
        "type": "Transitive",
        "resolved": "10.0.12",
        "contentHash": "H4u2ZeIhjmRQvbHj7S7U4MK1kXb0khx3UtOWcir32VHczdFyIVF0lvHew/VVHmCF7Uk0QseAUaO7HyFKOCSiKA==",
        "dependencies": {
          "Microsoft.Extensions.Configuration": "10.0.12",
          "Microsoft.Extensions.Configuration.Abstractions": "10.0.12",
          "Microsoft.Extensions.Configuration.FileExtensions": "10.0.12",
          "Microsoft.Extensions.FileProviders.Abstractions": "10.0.12"
        }
      },
      "Microsoft.Extensions.DependencyInjection": {
        "type": "Transitive",
        "resolved": "10.0.12",
        "contentHash": "lXyK2O5GoYvfxW8eCFcD16JFbcoSTM1sJkAM0UHS1jZyl9NYMW64Tqm6OQFT0IDBjZi+xHt95/Zg+nxZhGFhZg==",
        "dependencies": {
          "Microsoft.Extensions.DependencyInjection.Abstractions": "10.0.12"
        }
      },
      "Microsoft.Extensions.DependencyInjection.Abstractions": {
        "type": "Transitive",
        "resolved": "10.0.12",
        "contentHash": "9/qymSh7hVDMGTGwrLz8MRp5zRyXy9adGDOs4HwRdnLil3oZGYuWeZjbmHgCQ9BL1qBroVfgUK3U/nb61617Cw=="
      },
      "Microsoft.Extensions.Diagnostics": {
        "type": "Transitive",
        "resolved": "10.0.12",
        "contentHash": "amx0O/R4dReqKlC3T740+CHpX8D8tAIV0f5kAPfFi4XK9jYo9BSepGt9/rWfvvCoSMaZ1+XvnqPp/Vv2fmTdAg==",
        "dependencies": {
          "Microsoft.Extensions.Configuration": "10.0.12",
          "Microsoft.Extensions.Diagnostics.Abstractions": "10.0.12",
          "Microsoft.Extensions.Options.ConfigurationExtensions": "10.0.12"
        }
      },
      "Microsoft.Extensions.Diagnostics.Abstractions": {
        "type": "Transitive",
        "resolved": "10.0.12",
        "contentHash": "fMp91qlRlMOuHfMyp7LuAnOS+MOeWTF1obJmyFcs4nZCXu6pr+QB1AbFJcl2qpBltBrqF/Y7+Rn9IuNcSuctig==",
        "dependencies": {
          "Microsoft.Extensions.DependencyInjection.Abstractions": "10.0.12",
          "Microsoft.Extensions.Options": "10.0.12"
        }
      },
      "Microsoft.Extensions.FileProviders.Abstractions": {
        "type": "Transitive",
        "resolved": "10.0.12",
        "contentHash": "iQseV6HixWzEYQH4i++84ToIroXnM5jC1TJF4EqBz3lWNG1HBTMYDLkRb6Wm3wk5V6WqSfl7NukO/LYsloGyfg==",
        "dependencies": {
          "Microsoft.Extensions.Primitives": "10.0.12"
        }
      },
      "Microsoft.Extensions.FileProviders.Physical": {
        "type": "Transitive",
        "resolved": "10.0.12",
        "contentHash": "3cY+wo2+Qe65BVwShhr2fFqZv5Ns73h3kX4mpW3WvSgfT3AWCk0hKArKW4TF7Dg3mvbJdA6RhWPW7FR+PS5/1w==",
        "dependencies": {
          "Microsoft.Extensions.FileProviders.Abstractions": "10.0.12",
          "Microsoft.Extensions.FileSystemGlobbing": "10.0.12",
          "Microsoft.Extensions.Primitives": "10.0.12"
        }
      },
      "Microsoft.Extensions.FileSystemGlobbing": {
        "type": "Transitive",
        "resolved": "10.0.12",
        "contentHash": "45cV+UeI0chPAIXrx9Wv7K4PJXuuIR2pnOur5MOAo6kOFclBHSLLDrvGAxMfWRMtUvpv/kQZkxlgaUN56jwzSQ=="
      },
      "Microsoft.Extensions.Localization": {
        "type": "Transitive",
        "resolved": "10.0.11",
        "contentHash": "bTOBqi6sLqKnBQJNFxmySkbidzmZrDb6lapivVX0pNmWxU/siYVltlcsornkrSxGvPcImYKh5TP7Vi7u8A0AcQ==",
        "dependencies": {
          "Microsoft.Extensions.DependencyInjection.Abstractions": "10.0.11",
          "Microsoft.Extensions.Localization.Abstractions": "10.0.11",
          "Microsoft.Extensions.Logging.Abstractions": "10.0.11",
          "Microsoft.Extensions.Options": "10.0.11"
        }
      },
      "Microsoft.Extensions.Localization.Abstractions": {
        "type": "Transitive",
        "resolved": "10.0.11",
        "contentHash": "Sg4JTdLEIbJGlZpDrr5xzkLSR4XQNJgeTqtiQkKW0IWr9aoXjKzB+wpnfFl6d+PTXnXkNB9sEDJ9sP+BRcOnrw=="
      },
      "Microsoft.Extensions.Logging": {
        "type": "Transitive",
        "resolved": "10.0.12",
        "contentHash": "6I46fTPfgYkrjRYfRXbho9WOvOelTnNjWuZws/hzGHDASH1LEJeA4VKK9k3wJvido8o7jJSB5WkMTonX7HM1bA==",
        "dependencies": {
          "Microsoft.Extensions.DependencyInjection": "10.0.12",
          "Microsoft.Extensions.Logging.Abstractions": "10.0.12",
          "Microsoft.Extensions.Options": "10.0.12"
        }
      },
      "Microsoft.Extensions.Logging.Abstractions": {
        "type": "Transitive",
        "resolved": "10.0.12",
        "contentHash": "+24lC4plfbEDNfLAdTV/SWKS7dW+16X4HdydO3R++134kSNTzcbYA4KpR1Hdh6uWisB8Za3AzwyOn+K+NxWIug==",
        "dependencies": {
          "Microsoft.Extensions.DependencyInjection.Abstractions": "10.0.12"
        }
      },
      "Microsoft.Extensions.Options": {
        "type": "Transitive",
        "resolved": "10.0.12",
        "contentHash": "TDYD33TSRpXKZWlmTXNlj5kCihxatmv2Ec1u6C+bMYLphCS7PoSLE9Pjd/nunDoE7yETk+LLKjVJX78HYtWjpA==",
        "dependencies": {
          "Microsoft.Extensions.DependencyInjection.Abstractions": "10.0.12",
          "Microsoft.Extensions.Primitives": "10.0.12"
        }
      },
      "Microsoft.Extensions.Options.ConfigurationExtensions": {
        "type": "Transitive",
        "resolved": "10.0.12",
        "contentHash": "rqpu4qj5WE9x1IHGXSIgHBKi7IUlQaHyp4aXCYIanG2OghlUMFZpZTgExaXwcvmLAJHsxKQWMPpc7D2WIbCVtA==",
        "dependencies": {
          "Microsoft.Extensions.Configuration.Abstractions": "10.0.12",
          "Microsoft.Extensions.Configuration.Binder": "10.0.12",
          "Microsoft.Extensions.DependencyInjection.Abstractions": "10.0.12",
          "Microsoft.Extensions.Options": "10.0.12",
          "Microsoft.Extensions.Primitives": "10.0.12"
        }
      },
      "Microsoft.Extensions.Primitives": {
        "type": "Transitive",
        "resolved": "10.0.12",
        "contentHash": "dYfCLR52UA+3DL7C4I/pvSaRPkNqxrUAQmbFL2u0zvYKKzqgrFCJl08Df+F1aYc8leu9JvpC9bsURUdpExcBXQ=="
      },
      "Microsoft.Extensions.Validation": {
        "type": "Transitive",
        "resolved": "10.0.12",
        "contentHash": "6aeYPe1BpiwZifwTQ07GzFrauMxRSh2lZC1oleWvaWB7afNR8cE8EvMuE6hP6X9yICVuKeBQC/jXhEGq1Y1QdQ==",
        "dependencies": {
          "Microsoft.Extensions.DependencyInjection.Abstractions": "10.0.12",
          "Microsoft.Extensions.Options": "10.0.12"
        }
      },
      "Microsoft.JSInterop": {
        "type": "Transitive",
        "resolved": "10.0.12",
        "contentHash": "bLgqhSs2YS3i2sOe8Mo11JzgdktB+/VADJXx2oSCE1crpg3RbFESn1mEBfiO4MjX9icW+An1zdGBFucIwIYwmA=="
      },
      "Microsoft.JSInterop.WebAssembly": {
        "type": "Transitive",
        "resolved": "10.0.12",
        "contentHash": "v8A9+3yOF6yD2nJzkDyINlkWxiB6ufCutO4Tgo3edn+CyI2WdstA8VzXy7sJrbtB+OaTfUZdaBET2JMMWuJyig==",
        "dependencies": {
          "Microsoft.JSInterop": "10.0.12"
        }
      },
      "Microsoft.Win32.SystemEvents": {
        "type": "Transitive",
        "resolved": "6.0.0",
        "contentHash": "hqTM5628jSsQiv+HGpiq3WKBl2c8v1KZfby2J6Pr7pEPlK9waPdgEO6b8A/+/xn/yZ9ulv8HuqK71ONy2tg67A=="
      },
      "Planetarium.LruCacheNet": {
        "type": "Transitive",
        "resolved": "1.2.0",
        "contentHash": "WE2eblbDjsOoJhOBA+Jiwk/c+xrbFTRu+KaUOhhRWklCyScWSGCFS3gNmuc7zjjdJPSjotGAoKjAJIkHsXPXxQ=="
      },
      "QRCoder": {
        "type": "Transitive",
        "resolved": "1.8.0",
        "contentHash": "RuvX3PEXU6pbY/I5ItAk800jm62r+YnoPLgyS2WTgwxkOnGkOfU9ORiipHUF0LkLyqM8rlroUCA319JjRYfRFQ==",
        "dependencies": {
          "System.Drawing.Common": "6.0.0"
        }
      },
      "System.Drawing.Common": {
        "type": "Transitive",
        "resolved": "6.0.0",
        "contentHash": "NfuoKUiP2nUWwKZN6twGqXioIe1zVD0RIj2t976A+czLHr2nY454RwwXs6JU9Htc6mwqL6Dn/nEL3dpVf2jOhg==",
        "dependencies": {
          "Microsoft.Win32.SystemEvents": "6.0.0"
        }
      },
      "TailwindMerge.NET": {
        "type": "Transitive",
        "resolved": "1.3.0",
        "contentHash": "eZgamFmf9muV4oxB8HUDRAxGVOErdfXoKKGnbAxfRHZpcn2ZcvHgYVp2ke9MSGL1G/9cL1C9Tfq42tg+NzkBwQ==",
        "dependencies": {
          "Microsoft.Extensions.Options": "10.0.5",
          "Planetarium.LruCacheNet": "1.2.0"
        }
      },
      "Toolbelt.Blazor.HotKeys2": {
        "type": "Transitive",
        "resolved": "6.1.0",
        "contentHash": "5JW76vN3MTl/edNIFzD6u3JkoZt8cuqLKAv7GVZX1NUxFDFtO0epvBOF5EK5WukJrbrJpach9tJRLW+dmYCodA==",
        "dependencies": {
          "Microsoft.AspNetCore.Components": "10.0.0",
          "Microsoft.AspNetCore.Components.Web": "10.0.0"
        }
      },
      "Toolbelt.Blazor.SplitContainer": {
        "type": "Transitive",
        "resolved": "2.1.2",
        "contentHash": "wNzyDcqZ265tFGavokn5pDWvUXl6vjzaDsxmFylrJ4ixPpnRwixrBR+O21mNw90beHrXMkrV8BeOK9wkzaMw2w==",
        "dependencies": {
          "Microsoft.AspNetCore.Components.Web": "10.0.0"
        }
      },
      "Toolbelt.Web.CssClassInlineBuilder": {
        "type": "Transitive",
        "resolved": "3.1.0.1",
        "contentHash": "8SeB6my6HQw7jy/pTs4/C4BQ8Wvh4veCs0zuX4Wjxq9oTmIZGtF0Apf3fWvJWFyiXVM9T+uVmAC64WDm8AsidQ=="
      },
      "blog.blazor.core": {
        "type": "Project",
        "dependencies": {
          "QRCoder": "[1.8.0, )"
        }
      },
      "blog.blazor.ui": {
        "type": "Project",
        "dependencies": {
          "BlazorBlueprint.Components": "[3.16.0, )",
          "Blog.Blazor.Core": "[1.0.0, )",
          "Microsoft.AspNetCore.Components.Web": "[10.0.12, )",
          "Microsoft.Extensions.Localization": "[10.0.11, )"
        }
      }
    },
    "net10.0/browser-wasm": {
      "Microsoft.Win32.SystemEvents": {
        "type": "Transitive",
        "resolved": "6.0.0",
        "contentHash": "hqTM5628jSsQiv+HGpiq3WKBl2c8v1KZfby2J6Pr7pEPlK9waPdgEO6b8A/+/xn/yZ9ulv8HuqK71ONy2tg67A=="
      },
      "System.Drawing.Common": {
        "type": "Transitive",
        "resolved": "6.0.0",
        "contentHash": "NfuoKUiP2nUWwKZN6twGqXioIe1zVD0RIj2t976A+czLHr2nY454RwwXs6JU9Htc6mwqL6Dn/nEL3dpVf2jOhg==",
        "dependencies": {
          "Microsoft.Win32.SystemEvents": "6.0.0"
        }
      }
    }
  }
}