<Solution>
  <Configurations>
    <Platform Name="Any CPU" />
    <Platform Name="x64" />
    <Platform Name="x86" />
  </Configurations>
  <Project Path="Blog/Blog.Blazor.Client/Blog.Blazor.Client.csproj" />
  <Project Path="Blog/Blog.Blazor.Core.Tests/Blog.Blazor.Core.Tests.csproj" />
  <Project Path="Blog/Blog.Blazor.Core/Blog.Blazor.Core.csproj" />
  <Project Path="Blog/Blog.Blazor.Database/Blog.Blazor.Database.csproj" />
  <Project Path="Blog/Blog.Blazor.Data.Tests/Blog.Blazor.Data.Tests.csproj" />
  <Project Path="Blog/Blog.Blazor.Sbom/Blog.Blazor.Sbom.csproj" />
  <Project Path="Blog/Blog.Blazor.Stories/Blog.Blazor.Stories.csproj" />
  <Project Path="Blog/Blog.Blazor.UI/Blog.Blazor.UI.csproj" />
  <Project Path="Blog/Blog.Blazor/Blog.Blazor.csproj" />
</Solution>
