<Solution>
  <Configurations>
    <Platform Name="Any CPU" />
    <Platform Name="x64" />
    <Platform Name="x86" />
  </Configurations>
  <Project Path="Portfolio/Portfolio.Blazor.Client/Portfolio.Blazor.Client.csproj" />
  <Project Path="Portfolio/Portfolio.Blazor.Core.Tests/Portfolio.Blazor.Core.Tests.csproj" />
  <Project Path="Portfolio/Portfolio.Blazor.Core/Portfolio.Blazor.Core.csproj" />
  <Project Path="Portfolio/Portfolio.Blazor.Database/Portfolio.Blazor.Database.csproj" />
  <Project Path="Portfolio/Portfolio.Blazor.Import/Portfolio.Blazor.Import.csproj" />
  <Project Path="Portfolio/Portfolio.Blazor.Data.Tests/Portfolio.Blazor.Data.Tests.csproj" />
  <Project Path="Portfolio/Portfolio.Blazor.Sbom/Portfolio.Blazor.Sbom.csproj" />
  <Project Path="Portfolio/Portfolio.Blazor.Stories/Portfolio.Blazor.Stories.csproj" />
  <Project Path="Portfolio/Portfolio.Blazor.UI/Portfolio.Blazor.UI.csproj" />
  <Project Path="Portfolio/Portfolio.Blazor/Portfolio.Blazor.csproj" />
</Solution>
